lockfileVersion: 5.4

specifiers:
  redux: ^4.2.0

dependencies:
  redux: registry.npmmirror.com/redux/4.2.0

packages:

  registry.npmmirror.com/@babel/runtime/7.20.1:
    resolution: {integrity: sha512-mrzLkl6U9YLF8qpqI7TB82PESyEGjm/0Ly91jG575eVxMMlb8fYfOXFZIJ8XfLrJZQbm7dlKry2bJmXBUEkdFg==, registry: https://registry.npm.taobao.org/, tarball: https://registry.npmmirror.com/@babel/runtime/-/runtime-7.20.1.tgz}
    name: '@babel/runtime'
    version: 7.20.1
    engines: {node: '>=6.9.0'}
    dependencies:
      regenerator-runtime: registry.npmmirror.com/regenerator-runtime/0.13.11
    dev: false

  registry.npmmirror.com/redux/4.2.0:
    resolution: {integrity: sha512-oSBmcKKIuIR4ME29/AeNUnl5L+hvBq7OaJWzaptTQJAntaPvxIJqfnjbaEiCzzaIz+XmVILfqAM3Ob0aXLPfjA==, registry: https://registry.npm.taobao.org/, tarball: https://registry.npmmirror.com/redux/-/redux-4.2.0.tgz}
    name: redux
    version: 4.2.0
    dependencies:
      '@babel/runtime': registry.npmmirror.com/@babel/runtime/7.20.1
    dev: false

  registry.npmmirror.com/regenerator-runtime/0.13.11:
    resolution: {integrity: sha512-kY1AZVr2Ra+t+piVaJ4gxaFaReZVH40AKNo7UCX6W+dEwBo/2oZJzqfuN1qLq1oL45o56cPaTXELwrTh8Fpggg==, registry: https://registry.npm.taobao.org/, tarball: https://registry.npmmirror.com/regenerator-runtime/-/regenerator-runtime-0.13.11.tgz}
    name: regenerator-runtime
    version: 0.13.11
    dev: false
