lockfileVersion: '6.0'

settings:
  autoInstallPeers: true
  excludeLinksFromLockfile: false

dependencies:
  diff:
    specifier: ^5.1.0
    version: registry.npmmirror.com/diff@5.1.0
  diff2html:
    specifier: ^3.4.22
    version: registry.npmmirror.com/diff2html@3.4.22
  highlight.js:
    specifier: ^11.6.0
    version: registry.npmmirror.com/highlight.js@11.6.0
  vue:
    specifier: ^3.2.37
    version: registry.npmmirror.com/vue@3.2.37

devDependencies:
  '@types/diff':
    specifier: ^5.0.2
    version: registry.npmmirror.com/@types/diff@5.0.2
  '@vitejs/plugin-vue':
    specifier: ^3.1.0
    version: registry.npmmirror.com/@vitejs/plugin-vue@3.1.0(vite@3.1.0)(vue@3.2.37)
  typescript:
    specifier: ^4.6.4
    version: registry.npmmirror.com/typescript@4.6.4
  vite:
    specifier: ^3.1.0
    version: registry.npmmirror.com/vite@3.1.0
  vue-tsc:
    specifier: ^0.40.4
    version: registry.npmmirror.com/vue-tsc@0.40.4(typescript@4.6.4)

packages:

  registry.npmmirror.com/@babel/helper-string-parser@7.22.5:
    resolution: {integrity: sha512-mM4COjgZox8U+JcXQwPijIZLElkgEpO5rsERVDJTc2qfCDfERyob6k5WegS14SX18IIjv+XD+GrqNumY5JRCDw==, registry: https://registry.npm.taobao.org/, tarball: https://registry.npmmirror.com/@babel/helper-string-parser/-/helper-string-parser-7.22.5.tgz}
    name: '@babel/helper-string-parser'
    version: 7.22.5
    engines: {node: '>=6.9.0'}

  registry.npmmirror.com/@babel/helper-validator-identifier@7.22.19:
    resolution: {integrity: sha512-Tinq7ybnEPFFXhlYOYFiSjespWQk0dq2dRNAiMdRTOYQzEGqnnNyrTxPYHP5r6wGjlF1rFgABdDV0g8EwD6Qbg==, registry: https://registry.npm.taobao.org/, tarball: https://registry.npmmirror.com/@babel/helper-validator-identifier/-/helper-validator-identifier-7.22.19.tgz}
    name: '@babel/helper-validator-identifier'
    version: 7.22.19
    engines: {node: '>=6.9.0'}

  registry.npmmirror.com/@babel/parser@7.22.16:
    resolution: {integrity: sha512-+gPfKv8UWeKKeJTUxe59+OobVcrYHETCsORl61EmSkmgymguYk/X5bp7GuUIXaFsc6y++v8ZxPsLSSuujqDphA==, registry: https://registry.npm.taobao.org/, tarball: https://registry.npmmirror.com/@babel/parser/-/parser-7.22.16.tgz}
    name: '@babel/parser'
    version: 7.22.16
    engines: {node: '>=6.0.0'}
    hasBin: true
    dependencies:
      '@babel/types': registry.npmmirror.com/@babel/types@7.22.19

  registry.npmmirror.com/@babel/types@7.22.19:
    resolution: {integrity: sha512-P7LAw/LbojPzkgp5oznjE6tQEIWbp4PkkfrZDINTro9zgBRtI324/EYsiSI7lhPbpIQ+DCeR2NNmMWANGGfZsg==, registry: https://registry.npm.taobao.org/, tarball: https://registry.npmmirror.com/@babel/types/-/types-7.22.19.tgz}
    name: '@babel/types'
    version: 7.22.19
    engines: {node: '>=6.9.0'}
    dependencies:
      '@babel/helper-string-parser': registry.npmmirror.com/@babel/helper-string-parser@7.22.5
      '@babel/helper-validator-identifier': registry.npmmirror.com/@babel/helper-validator-identifier@7.22.19
      to-fast-properties: registry.npmmirror.com/to-fast-properties@2.0.0

  registry.npmmirror.com/@esbuild/android-arm@0.15.18:
    resolution: {integrity: sha512-5GT+kcs2WVGjVs7+boataCkO5Fg0y4kCjzkB5bAip7H4jfnOS3dA6KPiww9W1OEKTKeAcUVhdZGvgI65OXmUnw==, registry: https://registry.npm.taobao.org/, tarball: https://registry.npmmirror.com/@esbuild/android-arm/-/android-arm-0.15.18.tgz}
    name: '@esbuild/android-arm'
    version: 0.15.18
    engines: {node: '>=12'}
    cpu: [arm]
    os: [android]
    requiresBuild: true
    dev: true
    optional: true

  registry.npmmirror.com/@esbuild/linux-loong64@0.15.18:
    resolution: {integrity: sha512-L4jVKS82XVhw2nvzLg/19ClLWg0y27ulRwuP7lcyL6AbUWB5aPglXY3M21mauDQMDfRLs8cQmeT03r/+X3cZYQ==, registry: https://registry.npm.taobao.org/, tarball: https://registry.npmmirror.com/@esbuild/linux-loong64/-/linux-loong64-0.15.18.tgz}
    name: '@esbuild/linux-loong64'
    version: 0.15.18
    engines: {node: '>=12'}
    cpu: [loong64]
    os: [linux]
    requiresBuild: true
    dev: true
    optional: true

  registry.npmmirror.com/@jridgewell/sourcemap-codec@1.4.15:
    resolution: {integrity: sha512-eF2rxCRulEKXHTRiDrDy6erMYWqNw4LPdQ8UQA4huuxaQsVeRPFl2oM8oDGxMFhJUWZf9McpLtJasDDZb/Bpeg==, registry: https://registry.npm.taobao.org/, tarball: https://registry.npmmirror.com/@jridgewell/sourcemap-codec/-/sourcemap-codec-1.4.15.tgz}
    name: '@jridgewell/sourcemap-codec'
    version: 1.4.15
    dev: true

  registry.npmmirror.com/@types/diff@5.0.2:
    resolution: {integrity: sha512-uw8eYMIReOwstQ0QKF0sICefSy8cNO/v7gOTiIy9SbwuHyEecJUm7qlgueOO5S1udZ5I/irVydHVwMchgzbKTg==, registry: https://registry.npm.taobao.org/, tarball: https://registry.npmmirror.com/@types/diff/-/diff-5.0.2.tgz}
    name: '@types/diff'
    version: 5.0.2
    dev: true

  registry.npmmirror.com/@vitejs/plugin-vue@3.1.0(vite@3.1.0)(vue@3.2.37):
    resolution: {integrity: sha512-fmxtHPjSOEIRg6vHYDaem+97iwCUg/uSIaTzp98lhELt2ISOQuDo2hbkBdXod0g15IhfPMQmAxh4heUks2zvDA==, registry: https://registry.npm.taobao.org/, tarball: https://registry.npmmirror.com/@vitejs/plugin-vue/-/plugin-vue-3.1.0.tgz}
    id: registry.npmmirror.com/@vitejs/plugin-vue/3.1.0
    name: '@vitejs/plugin-vue'
    version: 3.1.0
    engines: {node: ^14.18.0 || >=16.0.0}
    peerDependencies:
      vite: ^3.0.0
      vue: ^3.2.25
    dependencies:
      vite: registry.npmmirror.com/vite@3.1.0
      vue: registry.npmmirror.com/vue@3.2.37
    dev: true

  registry.npmmirror.com/@volar/code-gen@0.40.4:
    resolution: {integrity: sha512-APTt9DWgMejaSCxaoqqhSODALFOgkMWJ72PbB7NAb7eiYhfB4//RkExLfSJgZEXijJmWIpPsKGENoCDlr0cLZA==, registry: https://registry.npm.taobao.org/, tarball: https://registry.npmmirror.com/@volar/code-gen/-/code-gen-0.40.4.tgz}
    name: '@volar/code-gen'
    version: 0.40.4
    dependencies:
      '@volar/source-map': registry.npmmirror.com/@volar/source-map@0.40.4
    dev: true

  registry.npmmirror.com/@volar/source-map@0.40.4:
    resolution: {integrity: sha512-urODM9J7SH8Xcj5DU6SxvL0TQV8H/HsMZ+Y9fSNQqlYJw2vRzSTYQP/wJuY3xAkE8oWBh4EubJ5pyx8ghARuBg==, registry: https://registry.npm.taobao.org/, tarball: https://registry.npmmirror.com/@volar/source-map/-/source-map-0.40.4.tgz}
    name: '@volar/source-map'
    version: 0.40.4
    dependencies:
      '@vue/reactivity': registry.npmmirror.com/@vue/reactivity@3.2.37
    dev: true

  registry.npmmirror.com/@volar/typescript-faster@0.40.4:
    resolution: {integrity: sha512-xmuaHNRC0rgvJ5yMDRTjpmqNts4XSU2rOUDt8+slYz2InAK8gzn1qdD2rpzc51oip0RiqJ8XXQKpjDhOwodhog==, registry: https://registry.npm.taobao.org/, tarball: https://registry.npmmirror.com/@volar/typescript-faster/-/typescript-faster-0.40.4.tgz}
    name: '@volar/typescript-faster'
    version: 0.40.4
    dependencies:
      semver: registry.npmmirror.com/semver@7.5.4
    dev: true

  registry.npmmirror.com/@volar/vue-language-core@0.40.4:
    resolution: {integrity: sha512-NCWTmUruEOeOOcgjsUbrSN4mmBLFeWdFIA3lzTnrlGQ+93WryW8M6wyaSLCTsL9hjRmSHOJjvp67w8AAsskEJw==, registry: https://registry.npm.taobao.org/, tarball: https://registry.npmmirror.com/@volar/vue-language-core/-/vue-language-core-0.40.4.tgz}
    name: '@volar/vue-language-core'
    version: 0.40.4
    dependencies:
      '@volar/code-gen': registry.npmmirror.com/@volar/code-gen@0.40.4
      '@volar/source-map': registry.npmmirror.com/@volar/source-map@0.40.4
      '@vue/compiler-core': registry.npmmirror.com/@vue/compiler-core@3.3.4
      '@vue/compiler-dom': registry.npmmirror.com/@vue/compiler-dom@3.3.4
      '@vue/compiler-sfc': registry.npmmirror.com/@vue/compiler-sfc@3.3.4
      '@vue/reactivity': registry.npmmirror.com/@vue/reactivity@3.3.4
      '@vue/shared': registry.npmmirror.com/@vue/shared@3.3.4
    dev: true

  registry.npmmirror.com/@volar/vue-typescript@0.40.4:
    resolution: {integrity: sha512-2ZnmEtRHDv5rqzqM7qr1pAZmaBHkMW6mfpEzW0uchRP3QHhZ3XhNv45B+uVgmwCCJH8Ke7H0nL6yVcpwC/TiDw==, registry: https://registry.npm.taobao.org/, tarball: https://registry.npmmirror.com/@volar/vue-typescript/-/vue-typescript-0.40.4.tgz}
    name: '@volar/vue-typescript'
    version: 0.40.4
    dependencies:
      '@volar/code-gen': registry.npmmirror.com/@volar/code-gen@0.40.4
      '@volar/typescript-faster': registry.npmmirror.com/@volar/typescript-faster@0.40.4
      '@volar/vue-language-core': registry.npmmirror.com/@volar/vue-language-core@0.40.4
    dev: true

  registry.npmmirror.com/@vue/compiler-core@3.2.37:
    resolution: {integrity: sha512-81KhEjo7YAOh0vQJoSmAD68wLfYqJvoiD4ulyedzF+OEk/bk6/hx3fTNVfuzugIIaTrOx4PGx6pAiBRe5e9Zmg==, registry: https://registry.npm.taobao.org/, tarball: https://registry.npmmirror.com/@vue/compiler-core/-/compiler-core-3.2.37.tgz}
    name: '@vue/compiler-core'
    version: 3.2.37
    dependencies:
      '@babel/parser': registry.npmmirror.com/@babel/parser@7.22.16
      '@vue/shared': registry.npmmirror.com/@vue/shared@3.2.37
      estree-walker: registry.npmmirror.com/estree-walker@2.0.2
      source-map: registry.npmmirror.com/source-map@0.6.1

  registry.npmmirror.com/@vue/compiler-core@3.3.4:
    resolution: {integrity: sha512-cquyDNvZ6jTbf/+x+AgM2Arrp6G4Dzbb0R64jiG804HRMfRiFXWI6kqUVqZ6ZR0bQhIoQjB4+2bhNtVwndW15g==, registry: https://registry.npm.taobao.org/, tarball: https://registry.npmmirror.com/@vue/compiler-core/-/compiler-core-3.3.4.tgz}
    name: '@vue/compiler-core'
    version: 3.3.4
    dependencies:
      '@babel/parser': registry.npmmirror.com/@babel/parser@7.22.16
      '@vue/shared': registry.npmmirror.com/@vue/shared@3.3.4
      estree-walker: registry.npmmirror.com/estree-walker@2.0.2
      source-map-js: registry.npmmirror.com/source-map-js@1.0.2
    dev: true

  registry.npmmirror.com/@vue/compiler-dom@3.2.37:
    resolution: {integrity: sha512-yxJLH167fucHKxaqXpYk7x8z7mMEnXOw3G2q62FTkmsvNxu4FQSu5+3UMb+L7fjKa26DEzhrmCxAgFLLIzVfqQ==, registry: https://registry.npm.taobao.org/, tarball: https://registry.npmmirror.com/@vue/compiler-dom/-/compiler-dom-3.2.37.tgz}
    name: '@vue/compiler-dom'
    version: 3.2.37
    dependencies:
      '@vue/compiler-core': registry.npmmirror.com/@vue/compiler-core@3.2.37
      '@vue/shared': registry.npmmirror.com/@vue/shared@3.2.37

  registry.npmmirror.com/@vue/compiler-dom@3.3.4:
    resolution: {integrity: sha512-wyM+OjOVpuUukIq6p5+nwHYtj9cFroz9cwkfmP9O1nzH68BenTTv0u7/ndggT8cIQlnBeOo6sUT/gvHcIkLA5w==, registry: https://registry.npm.taobao.org/, tarball: https://registry.npmmirror.com/@vue/compiler-dom/-/compiler-dom-3.3.4.tgz}
    name: '@vue/compiler-dom'
    version: 3.3.4
    dependencies:
      '@vue/compiler-core': registry.npmmirror.com/@vue/compiler-core@3.3.4
      '@vue/shared': registry.npmmirror.com/@vue/shared@3.3.4
    dev: true

  registry.npmmirror.com/@vue/compiler-sfc@3.2.37:
    resolution: {integrity: sha512-+7i/2+9LYlpqDv+KTtWhOZH+pa8/HnX/905MdVmAcI/mPQOBwkHHIzrsEsucyOIZQYMkXUiTkmZq5am/NyXKkg==, registry: https://registry.npm.taobao.org/, tarball: https://registry.npmmirror.com/@vue/compiler-sfc/-/compiler-sfc-3.2.37.tgz}
    name: '@vue/compiler-sfc'
    version: 3.2.37
    dependencies:
      '@babel/parser': registry.npmmirror.com/@babel/parser@7.22.16
      '@vue/compiler-core': registry.npmmirror.com/@vue/compiler-core@3.2.37
      '@vue/compiler-dom': registry.npmmirror.com/@vue/compiler-dom@3.2.37
      '@vue/compiler-ssr': registry.npmmirror.com/@vue/compiler-ssr@3.2.37
      '@vue/reactivity-transform': registry.npmmirror.com/@vue/reactivity-transform@3.2.37
      '@vue/shared': registry.npmmirror.com/@vue/shared@3.2.37
      estree-walker: registry.npmmirror.com/estree-walker@2.0.2
      magic-string: registry.npmmirror.com/magic-string@0.25.9
      postcss: registry.npmmirror.com/postcss@8.4.29
      source-map: registry.npmmirror.com/source-map@0.6.1

  registry.npmmirror.com/@vue/compiler-sfc@3.3.4:
    resolution: {integrity: sha512-6y/d8uw+5TkCuzBkgLS0v3lSM3hJDntFEiUORM11pQ/hKvkhSKZrXW6i69UyXlJQisJxuUEJKAWEqWbWsLeNKQ==, registry: https://registry.npm.taobao.org/, tarball: https://registry.npmmirror.com/@vue/compiler-sfc/-/compiler-sfc-3.3.4.tgz}
    name: '@vue/compiler-sfc'
    version: 3.3.4
    dependencies:
      '@babel/parser': registry.npmmirror.com/@babel/parser@7.22.16
      '@vue/compiler-core': registry.npmmirror.com/@vue/compiler-core@3.3.4
      '@vue/compiler-dom': registry.npmmirror.com/@vue/compiler-dom@3.3.4
      '@vue/compiler-ssr': registry.npmmirror.com/@vue/compiler-ssr@3.3.4
      '@vue/reactivity-transform': registry.npmmirror.com/@vue/reactivity-transform@3.3.4
      '@vue/shared': registry.npmmirror.com/@vue/shared@3.3.4
      estree-walker: registry.npmmirror.com/estree-walker@2.0.2
      magic-string: registry.npmmirror.com/magic-string@0.30.3
      postcss: registry.npmmirror.com/postcss@8.4.29
      source-map-js: registry.npmmirror.com/source-map-js@1.0.2
    dev: true

  registry.npmmirror.com/@vue/compiler-ssr@3.2.37:
    resolution: {integrity: sha512-7mQJD7HdXxQjktmsWp/J67lThEIcxLemz1Vb5I6rYJHR5vI+lON3nPGOH3ubmbvYGt8xEUaAr1j7/tIFWiEOqw==, registry: https://registry.npm.taobao.org/, tarball: https://registry.npmmirror.com/@vue/compiler-ssr/-/compiler-ssr-3.2.37.tgz}
    name: '@vue/compiler-ssr'
    version: 3.2.37
    dependencies:
      '@vue/compiler-dom': registry.npmmirror.com/@vue/compiler-dom@3.2.37
      '@vue/shared': registry.npmmirror.com/@vue/shared@3.2.37

  registry.npmmirror.com/@vue/compiler-ssr@3.3.4:
    resolution: {integrity: sha512-m0v6oKpup2nMSehwA6Uuu+j+wEwcy7QmwMkVNVfrV9P2qE5KshC6RwOCq8fjGS/Eak/uNb8AaWekfiXxbBB6gQ==, registry: https://registry.npm.taobao.org/, tarball: https://registry.npmmirror.com/@vue/compiler-ssr/-/compiler-ssr-3.3.4.tgz}
    name: '@vue/compiler-ssr'
    version: 3.3.4
    dependencies:
      '@vue/compiler-dom': registry.npmmirror.com/@vue/compiler-dom@3.3.4
      '@vue/shared': registry.npmmirror.com/@vue/shared@3.3.4
    dev: true

  registry.npmmirror.com/@vue/reactivity-transform@3.2.37:
    resolution: {integrity: sha512-IWopkKEb+8qpu/1eMKVeXrK0NLw9HicGviJzhJDEyfxTR9e1WtpnnbYkJWurX6WwoFP0sz10xQg8yL8lgskAZg==, registry: https://registry.npm.taobao.org/, tarball: https://registry.npmmirror.com/@vue/reactivity-transform/-/reactivity-transform-3.2.37.tgz}
    name: '@vue/reactivity-transform'
    version: 3.2.37
    dependencies:
      '@babel/parser': registry.npmmirror.com/@babel/parser@7.22.16
      '@vue/compiler-core': registry.npmmirror.com/@vue/compiler-core@3.2.37
      '@vue/shared': registry.npmmirror.com/@vue/shared@3.2.37
      estree-walker: registry.npmmirror.com/estree-walker@2.0.2
      magic-string: registry.npmmirror.com/magic-string@0.25.9

  registry.npmmirror.com/@vue/reactivity-transform@3.3.4:
    resolution: {integrity: sha512-MXgwjako4nu5WFLAjpBnCj/ieqcjE2aJBINUNQzkZQfzIZA4xn+0fV1tIYBJvvva3N3OvKGofRLvQIwEQPpaXw==, registry: https://registry.npm.taobao.org/, tarball: https://registry.npmmirror.com/@vue/reactivity-transform/-/reactivity-transform-3.3.4.tgz}
    name: '@vue/reactivity-transform'
    version: 3.3.4
    dependencies:
      '@babel/parser': registry.npmmirror.com/@babel/parser@7.22.16
      '@vue/compiler-core': registry.npmmirror.com/@vue/compiler-core@3.3.4
      '@vue/shared': registry.npmmirror.com/@vue/shared@3.3.4
      estree-walker: registry.npmmirror.com/estree-walker@2.0.2
      magic-string: registry.npmmirror.com/magic-string@0.30.3
    dev: true

  registry.npmmirror.com/@vue/reactivity@3.2.37:
    resolution: {integrity: sha512-/7WRafBOshOc6m3F7plwzPeCu/RCVv9uMpOwa/5PiY1Zz+WLVRWiy0MYKwmg19KBdGtFWsmZ4cD+LOdVPcs52A==, registry: https://registry.npm.taobao.org/, tarball: https://registry.npmmirror.com/@vue/reactivity/-/reactivity-3.2.37.tgz}
    name: '@vue/reactivity'
    version: 3.2.37
    dependencies:
      '@vue/shared': registry.npmmirror.com/@vue/shared@3.2.37

  registry.npmmirror.com/@vue/reactivity@3.3.4:
    resolution: {integrity: sha512-kLTDLwd0B1jG08NBF3R5rqULtv/f8x3rOFByTDz4J53ttIQEDmALqKqXY0J+XQeN0aV2FBxY8nJDf88yvOPAqQ==, registry: https://registry.npm.taobao.org/, tarball: https://registry.npmmirror.com/@vue/reactivity/-/reactivity-3.3.4.tgz}
    name: '@vue/reactivity'
    version: 3.3.4
    dependencies:
      '@vue/shared': registry.npmmirror.com/@vue/shared@3.3.4
    dev: true

  registry.npmmirror.com/@vue/runtime-core@3.2.37:
    resolution: {integrity: sha512-JPcd9kFyEdXLl/i0ClS7lwgcs0QpUAWj+SKX2ZC3ANKi1U4DOtiEr6cRqFXsPwY5u1L9fAjkinIdB8Rz3FoYNQ==, registry: https://registry.npm.taobao.org/, tarball: https://registry.npmmirror.com/@vue/runtime-core/-/runtime-core-3.2.37.tgz}
    name: '@vue/runtime-core'
    version: 3.2.37
    dependencies:
      '@vue/reactivity': registry.npmmirror.com/@vue/reactivity@3.2.37
      '@vue/shared': registry.npmmirror.com/@vue/shared@3.2.37

  registry.npmmirror.com/@vue/runtime-dom@3.2.37:
    resolution: {integrity: sha512-HimKdh9BepShW6YozwRKAYjYQWg9mQn63RGEiSswMbW+ssIht1MILYlVGkAGGQbkhSh31PCdoUcfiu4apXJoPw==, registry: https://registry.npm.taobao.org/, tarball: https://registry.npmmirror.com/@vue/runtime-dom/-/runtime-dom-3.2.37.tgz}
    name: '@vue/runtime-dom'
    version: 3.2.37
    dependencies:
      '@vue/runtime-core': registry.npmmirror.com/@vue/runtime-core@3.2.37
      '@vue/shared': registry.npmmirror.com/@vue/shared@3.2.37
      csstype: registry.npmmirror.com/csstype@2.6.21

  registry.npmmirror.com/@vue/server-renderer@3.2.37(vue@3.2.37):
    resolution: {integrity: sha512-kLITEJvaYgZQ2h47hIzPh2K3jG8c1zCVbp/o/bzQOyvzaKiCquKS7AaioPI28GNxIsE/zSx+EwWYsNxDCX95MA==, registry: https://registry.npm.taobao.org/, tarball: https://registry.npmmirror.com/@vue/server-renderer/-/server-renderer-3.2.37.tgz}
    id: registry.npmmirror.com/@vue/server-renderer/3.2.37
    name: '@vue/server-renderer'
    version: 3.2.37
    peerDependencies:
      vue: 3.2.37
    dependencies:
      '@vue/compiler-ssr': registry.npmmirror.com/@vue/compiler-ssr@3.2.37
      '@vue/shared': registry.npmmirror.com/@vue/shared@3.2.37
      vue: registry.npmmirror.com/vue@3.2.37

  registry.npmmirror.com/@vue/shared@3.2.37:
    resolution: {integrity: sha512-4rSJemR2NQIo9Klm1vabqWjD8rs/ZaJSzMxkMNeJS6lHiUjjUeYFbooN19NgFjztubEKh3WlZUeOLVdbbUWHsw==, registry: https://registry.npm.taobao.org/, tarball: https://registry.npmmirror.com/@vue/shared/-/shared-3.2.37.tgz}
    name: '@vue/shared'
    version: 3.2.37

  registry.npmmirror.com/@vue/shared@3.3.4:
    resolution: {integrity: sha512-7OjdcV8vQ74eiz1TZLzZP4JwqM5fA94K6yntPS5Z25r9HDuGNzaGdgvwKYq6S+MxwF0TFRwe50fIR/MYnakdkQ==, registry: https://registry.npm.taobao.org/, tarball: https://registry.npmmirror.com/@vue/shared/-/shared-3.3.4.tgz}
    name: '@vue/shared'
    version: 3.3.4
    dev: true

  registry.npmmirror.com/abbrev@1.1.1:
    resolution: {integrity: sha512-nne9/IiQ/hzIhY6pdDnbBtz7DjPTKrY00P/zvPSm5pOFkl6xuGrGnXn/VtTNNfNtAfZ9/1RtehkszU9qcTii0Q==, registry: https://registry.npm.taobao.org/, tarball: https://registry.npmmirror.com/abbrev/-/abbrev-1.1.1.tgz}
    name: abbrev
    version: 1.1.1
    dev: false

  registry.npmmirror.com/csstype@2.6.21:
    resolution: {integrity: sha512-Z1PhmomIfypOpoMjRQB70jfvy/wxT50qW08YXO5lMIJkrdq4yOTR+AW7FqutScmB9NkLwxo+jU+kZLbofZZq/w==, registry: https://registry.npm.taobao.org/, tarball: https://registry.npmmirror.com/csstype/-/csstype-2.6.21.tgz}
    name: csstype
    version: 2.6.21

  registry.npmmirror.com/diff2html@3.4.22:
    resolution: {integrity: sha512-n7b0cfjqG+NLAmxdlSRMXIGoeoK+OhCNxd/6InjjMxy3v5Gk1L5Ms5r4jziFiRBoNaB6L8lLyZ8KQ8Kv+DOgnw==, registry: https://registry.npm.taobao.org/, tarball: https://registry.npmmirror.com/diff2html/-/diff2html-3.4.22.tgz}
    name: diff2html
    version: 3.4.22
    engines: {node: '>=12'}
    dependencies:
      diff: registry.npmmirror.com/diff@5.1.0
      hogan.js: registry.npmmirror.com/hogan.js@3.0.2
    optionalDependencies:
      highlight.js: registry.npmmirror.com/highlight.js@11.6.0
    dev: false

  registry.npmmirror.com/diff@5.1.0:
    resolution: {integrity: sha512-D+mk+qE8VC/PAUrlAU34N+VfXev0ghe5ywmpqrawphmVZc1bEfn56uo9qpyGp1p4xpzOHkSW4ztBd6L7Xx4ACw==, registry: https://registry.npm.taobao.org/, tarball: https://registry.npmmirror.com/diff/-/diff-5.1.0.tgz}
    name: diff
    version: 5.1.0
    engines: {node: '>=0.3.1'}
    dev: false

  registry.npmmirror.com/esbuild-android-64@0.15.18:
    resolution: {integrity: sha512-wnpt3OXRhcjfIDSZu9bnzT4/TNTDsOUvip0foZOUBG7QbSt//w3QV4FInVJxNhKc/ErhUxc5z4QjHtMi7/TbgA==, registry: https://registry.npm.taobao.org/, tarball: https://registry.npmmirror.com/esbuild-android-64/-/esbuild-android-64-0.15.18.tgz}
    name: esbuild-android-64
    version: 0.15.18
    engines: {node: '>=12'}
    cpu: [x64]
    os: [android]
    requiresBuild: true
    dev: true
    optional: true

  registry.npmmirror.com/esbuild-android-arm64@0.15.18:
    resolution: {integrity: sha512-G4xu89B8FCzav9XU8EjsXacCKSG2FT7wW9J6hOc18soEHJdtWu03L3TQDGf0geNxfLTtxENKBzMSq9LlbjS8OQ==, registry: https://registry.npm.taobao.org/, tarball: https://registry.npmmirror.com/esbuild-android-arm64/-/esbuild-android-arm64-0.15.18.tgz}
    name: esbuild-android-arm64
    version: 0.15.18
    engines: {node: '>=12'}
    cpu: [arm64]
    os: [android]
    requiresBuild: true
    dev: true
    optional: true

  registry.npmmirror.com/esbuild-darwin-64@0.15.18:
    resolution: {integrity: sha512-2WAvs95uPnVJPuYKP0Eqx+Dl/jaYseZEUUT1sjg97TJa4oBtbAKnPnl3b5M9l51/nbx7+QAEtuummJZW0sBEmg==, registry: https://registry.npm.taobao.org/, tarball: https://registry.npmmirror.com/esbuild-darwin-64/-/esbuild-darwin-64-0.15.18.tgz}
    name: esbuild-darwin-64
    version: 0.15.18
    engines: {node: '>=12'}
    cpu: [x64]
    os: [darwin]
    requiresBuild: true
    dev: true
    optional: true

  registry.npmmirror.com/esbuild-darwin-arm64@0.15.18:
    resolution: {integrity: sha512-tKPSxcTJ5OmNb1btVikATJ8NftlyNlc8BVNtyT/UAr62JFOhwHlnoPrhYWz09akBLHI9nElFVfWSTSRsrZiDUA==, registry: https://registry.npm.taobao.org/, tarball: https://registry.npmmirror.com/esbuild-darwin-arm64/-/esbuild-darwin-arm64-0.15.18.tgz}
    name: esbuild-darwin-arm64
    version: 0.15.18
    engines: {node: '>=12'}
    cpu: [arm64]
    os: [darwin]
    requiresBuild: true
    dev: true
    optional: true

  registry.npmmirror.com/esbuild-freebsd-64@0.15.18:
    resolution: {integrity: sha512-TT3uBUxkteAjR1QbsmvSsjpKjOX6UkCstr8nMr+q7zi3NuZ1oIpa8U41Y8I8dJH2fJgdC3Dj3CXO5biLQpfdZA==, registry: https://registry.npm.taobao.org/, tarball: https://registry.npmmirror.com/esbuild-freebsd-64/-/esbuild-freebsd-64-0.15.18.tgz}
    name: esbuild-freebsd-64
    version: 0.15.18
    engines: {node: '>=12'}
    cpu: [x64]
    os: [freebsd]
    requiresBuild: true
    dev: true
    optional: true

  registry.npmmirror.com/esbuild-freebsd-arm64@0.15.18:
    resolution: {integrity: sha512-R/oVr+X3Tkh+S0+tL41wRMbdWtpWB8hEAMsOXDumSSa6qJR89U0S/PpLXrGF7Wk/JykfpWNokERUpCeHDl47wA==, registry: https://registry.npm.taobao.org/, tarball: https://registry.npmmirror.com/esbuild-freebsd-arm64/-/esbuild-freebsd-arm64-0.15.18.tgz}
    name: esbuild-freebsd-arm64
    version: 0.15.18
    engines: {node: '>=12'}
    cpu: [arm64]
    os: [freebsd]
    requiresBuild: true
    dev: true
    optional: true

  registry.npmmirror.com/esbuild-linux-32@0.15.18:
    resolution: {integrity: sha512-lphF3HiCSYtaa9p1DtXndiQEeQDKPl9eN/XNoBf2amEghugNuqXNZA/ZovthNE2aa4EN43WroO0B85xVSjYkbg==, registry: https://registry.npm.taobao.org/, tarball: https://registry.npmmirror.com/esbuild-linux-32/-/esbuild-linux-32-0.15.18.tgz}
    name: esbuild-linux-32
    version: 0.15.18
    engines: {node: '>=12'}
    cpu: [ia32]
    os: [linux]
    requiresBuild: true
    dev: true
    optional: true

  registry.npmmirror.com/esbuild-linux-64@0.15.18:
    resolution: {integrity: sha512-hNSeP97IviD7oxLKFuii5sDPJ+QHeiFTFLoLm7NZQligur8poNOWGIgpQ7Qf8Balb69hptMZzyOBIPtY09GZYw==, registry: https://registry.npm.taobao.org/, tarball: https://registry.npmmirror.com/esbuild-linux-64/-/esbuild-linux-64-0.15.18.tgz}
    name: esbuild-linux-64
    version: 0.15.18
    engines: {node: '>=12'}
    cpu: [x64]
    os: [linux]
    requiresBuild: true
    dev: true
    optional: true

  registry.npmmirror.com/esbuild-linux-arm64@0.15.18:
    resolution: {integrity: sha512-54qr8kg/6ilcxd+0V3h9rjT4qmjc0CccMVWrjOEM/pEcUzt8X62HfBSeZfT2ECpM7104mk4yfQXkosY8Quptug==, registry: https://registry.npm.taobao.org/, tarball: https://registry.npmmirror.com/esbuild-linux-arm64/-/esbuild-linux-arm64-0.15.18.tgz}
    name: esbuild-linux-arm64
    version: 0.15.18
    engines: {node: '>=12'}
    cpu: [arm64]
    os: [linux]
    requiresBuild: true
    dev: true
    optional: true

  registry.npmmirror.com/esbuild-linux-arm@0.15.18:
    resolution: {integrity: sha512-UH779gstRblS4aoS2qpMl3wjg7U0j+ygu3GjIeTonCcN79ZvpPee12Qun3vcdxX+37O5LFxz39XeW2I9bybMVA==, registry: https://registry.npm.taobao.org/, tarball: https://registry.npmmirror.com/esbuild-linux-arm/-/esbuild-linux-arm-0.15.18.tgz}
    name: esbuild-linux-arm
    version: 0.15.18
    engines: {node: '>=12'}
    cpu: [arm]
    os: [linux]
    requiresBuild: true
    dev: true
    optional: true

  registry.npmmirror.com/esbuild-linux-mips64le@0.15.18:
    resolution: {integrity: sha512-Mk6Ppwzzz3YbMl/ZZL2P0q1tnYqh/trYZ1VfNP47C31yT0K8t9s7Z077QrDA/guU60tGNp2GOwCQnp+DYv7bxQ==, registry: https://registry.npm.taobao.org/, tarball: https://registry.npmmirror.com/esbuild-linux-mips64le/-/esbuild-linux-mips64le-0.15.18.tgz}
    name: esbuild-linux-mips64le
    version: 0.15.18
    engines: {node: '>=12'}
    cpu: [mips64el]
    os: [linux]
    requiresBuild: true
    dev: true
    optional: true

  registry.npmmirror.com/esbuild-linux-ppc64le@0.15.18:
    resolution: {integrity: sha512-b0XkN4pL9WUulPTa/VKHx2wLCgvIAbgwABGnKMY19WhKZPT+8BxhZdqz6EgkqCLld7X5qiCY2F/bfpUUlnFZ9w==, registry: https://registry.npm.taobao.org/, tarball: https://registry.npmmirror.com/esbuild-linux-ppc64le/-/esbuild-linux-ppc64le-0.15.18.tgz}
    name: esbuild-linux-ppc64le
    version: 0.15.18
    engines: {node: '>=12'}
    cpu: [ppc64]
    os: [linux]
    requiresBuild: true
    dev: true
    optional: true

  registry.npmmirror.com/esbuild-linux-riscv64@0.15.18:
    resolution: {integrity: sha512-ba2COaoF5wL6VLZWn04k+ACZjZ6NYniMSQStodFKH/Pu6RxzQqzsmjR1t9QC89VYJxBeyVPTaHuBMCejl3O/xg==, registry: https://registry.npm.taobao.org/, tarball: https://registry.npmmirror.com/esbuild-linux-riscv64/-/esbuild-linux-riscv64-0.15.18.tgz}
    name: esbuild-linux-riscv64
    version: 0.15.18
    engines: {node: '>=12'}
    cpu: [riscv64]
    os: [linux]
    requiresBuild: true
    dev: true
    optional: true

  registry.npmmirror.com/esbuild-linux-s390x@0.15.18:
    resolution: {integrity: sha512-VbpGuXEl5FCs1wDVp93O8UIzl3ZrglgnSQ+Hu79g7hZu6te6/YHgVJxCM2SqfIila0J3k0csfnf8VD2W7u2kzQ==, registry: https://registry.npm.taobao.org/, tarball: https://registry.npmmirror.com/esbuild-linux-s390x/-/esbuild-linux-s390x-0.15.18.tgz}
    name: esbuild-linux-s390x
    version: 0.15.18
    engines: {node: '>=12'}
    cpu: [s390x]
    os: [linux]
    requiresBuild: true
    dev: true
    optional: true

  registry.npmmirror.com/esbuild-netbsd-64@0.15.18:
    resolution: {integrity: sha512-98ukeCdvdX7wr1vUYQzKo4kQ0N2p27H7I11maINv73fVEXt2kyh4K4m9f35U1K43Xc2QGXlzAw0K9yoU7JUjOg==, registry: https://registry.npm.taobao.org/, tarball: https://registry.npmmirror.com/esbuild-netbsd-64/-/esbuild-netbsd-64-0.15.18.tgz}
    name: esbuild-netbsd-64
    version: 0.15.18
    engines: {node: '>=12'}
    cpu: [x64]
    os: [netbsd]
    requiresBuild: true
    dev: true
    optional: true

  registry.npmmirror.com/esbuild-openbsd-64@0.15.18:
    resolution: {integrity: sha512-yK5NCcH31Uae076AyQAXeJzt/vxIo9+omZRKj1pauhk3ITuADzuOx5N2fdHrAKPxN+zH3w96uFKlY7yIn490xQ==, registry: https://registry.npm.taobao.org/, tarball: https://registry.npmmirror.com/esbuild-openbsd-64/-/esbuild-openbsd-64-0.15.18.tgz}
    name: esbuild-openbsd-64
    version: 0.15.18
    engines: {node: '>=12'}
    cpu: [x64]
    os: [openbsd]
    requiresBuild: true
    dev: true
    optional: true

  registry.npmmirror.com/esbuild-sunos-64@0.15.18:
    resolution: {integrity: sha512-On22LLFlBeLNj/YF3FT+cXcyKPEI263nflYlAhz5crxtp3yRG1Ugfr7ITyxmCmjm4vbN/dGrb/B7w7U8yJR9yw==, registry: https://registry.npm.taobao.org/, tarball: https://registry.npmmirror.com/esbuild-sunos-64/-/esbuild-sunos-64-0.15.18.tgz}
    name: esbuild-sunos-64
    version: 0.15.18
    engines: {node: '>=12'}
    cpu: [x64]
    os: [sunos]
    requiresBuild: true
    dev: true
    optional: true

  registry.npmmirror.com/esbuild-windows-32@0.15.18:
    resolution: {integrity: sha512-o+eyLu2MjVny/nt+E0uPnBxYuJHBvho8vWsC2lV61A7wwTWC3jkN2w36jtA+yv1UgYkHRihPuQsL23hsCYGcOQ==, registry: https://registry.npm.taobao.org/, tarball: https://registry.npmmirror.com/esbuild-windows-32/-/esbuild-windows-32-0.15.18.tgz}
    name: esbuild-windows-32
    version: 0.15.18
    engines: {node: '>=12'}
    cpu: [ia32]
    os: [win32]
    requiresBuild: true
    dev: true
    optional: true

  registry.npmmirror.com/esbuild-windows-64@0.15.18:
    resolution: {integrity: sha512-qinug1iTTaIIrCorAUjR0fcBk24fjzEedFYhhispP8Oc7SFvs+XeW3YpAKiKp8dRpizl4YYAhxMjlftAMJiaUw==, registry: https://registry.npm.taobao.org/, tarball: https://registry.npmmirror.com/esbuild-windows-64/-/esbuild-windows-64-0.15.18.tgz}
    name: esbuild-windows-64
    version: 0.15.18
    engines: {node: '>=12'}
    cpu: [x64]
    os: [win32]
    requiresBuild: true
    dev: true
    optional: true

  registry.npmmirror.com/esbuild-windows-arm64@0.15.18:
    resolution: {integrity: sha512-q9bsYzegpZcLziq0zgUi5KqGVtfhjxGbnksaBFYmWLxeV/S1fK4OLdq2DFYnXcLMjlZw2L0jLsk1eGoB522WXQ==, registry: https://registry.npm.taobao.org/, tarball: https://registry.npmmirror.com/esbuild-windows-arm64/-/esbuild-windows-arm64-0.15.18.tgz}
    name: esbuild-windows-arm64
    version: 0.15.18
    engines: {node: '>=12'}
    cpu: [arm64]
    os: [win32]
    requiresBuild: true
    dev: true
    optional: true

  registry.npmmirror.com/esbuild@0.15.18:
    resolution: {integrity: sha512-x/R72SmW3sSFRm5zrrIjAhCeQSAWoni3CmHEqfQrZIQTM3lVCdehdwuIqaOtfC2slvpdlLa62GYoN8SxT23m6Q==, registry: https://registry.npm.taobao.org/, tarball: https://registry.npmmirror.com/esbuild/-/esbuild-0.15.18.tgz}
    name: esbuild
    version: 0.15.18
    engines: {node: '>=12'}
    hasBin: true
    requiresBuild: true
    optionalDependencies:
      '@esbuild/android-arm': registry.npmmirror.com/@esbuild/android-arm@0.15.18
      '@esbuild/linux-loong64': registry.npmmirror.com/@esbuild/linux-loong64@0.15.18
      esbuild-android-64: registry.npmmirror.com/esbuild-android-64@0.15.18
      esbuild-android-arm64: registry.npmmirror.com/esbuild-android-arm64@0.15.18
      esbuild-darwin-64: registry.npmmirror.com/esbuild-darwin-64@0.15.18
      esbuild-darwin-arm64: registry.npmmirror.com/esbuild-darwin-arm64@0.15.18
      esbuild-freebsd-64: registry.npmmirror.com/esbuild-freebsd-64@0.15.18
      esbuild-freebsd-arm64: registry.npmmirror.com/esbuild-freebsd-arm64@0.15.18
      esbuild-linux-32: registry.npmmirror.com/esbuild-linux-32@0.15.18
      esbuild-linux-64: registry.npmmirror.com/esbuild-linux-64@0.15.18
      esbuild-linux-arm: registry.npmmirror.com/esbuild-linux-arm@0.15.18
      esbuild-linux-arm64: registry.npmmirror.com/esbuild-linux-arm64@0.15.18
      esbuild-linux-mips64le: registry.npmmirror.com/esbuild-linux-mips64le@0.15.18
      esbuild-linux-ppc64le: registry.npmmirror.com/esbuild-linux-ppc64le@0.15.18
      esbuild-linux-riscv64: registry.npmmirror.com/esbuild-linux-riscv64@0.15.18
      esbuild-linux-s390x: registry.npmmirror.com/esbuild-linux-s390x@0.15.18
      esbuild-netbsd-64: registry.npmmirror.com/esbuild-netbsd-64@0.15.18
      esbuild-openbsd-64: registry.npmmirror.com/esbuild-openbsd-64@0.15.18
      esbuild-sunos-64: registry.npmmirror.com/esbuild-sunos-64@0.15.18
      esbuild-windows-32: registry.npmmirror.com/esbuild-windows-32@0.15.18
      esbuild-windows-64: registry.npmmirror.com/esbuild-windows-64@0.15.18
      esbuild-windows-arm64: registry.npmmirror.com/esbuild-windows-arm64@0.15.18
    dev: true

  registry.npmmirror.com/estree-walker@2.0.2:
    resolution: {integrity: sha512-Rfkk/Mp/DL7JVje3u18FxFujQlTNR2q6QfMSMB7AvCBx91NGj/ba3kCfza0f6dVDbw7YlRf/nDrn7pQrCCyQ/w==, registry: https://registry.npm.taobao.org/, tarball: https://registry.npmmirror.com/estree-walker/-/estree-walker-2.0.2.tgz}
    name: estree-walker
    version: 2.0.2

  registry.npmmirror.com/fsevents@2.3.3:
    resolution: {integrity: sha512-5xoDfX+fL7faATnagmWPpbFtwh/R77WmMMqqHGS65C3vvB0YHrgF+B1YmZ3441tMj5n63k0212XNoJwzlhffQw==, registry: https://registry.npm.taobao.org/, tarball: https://registry.npmmirror.com/fsevents/-/fsevents-2.3.3.tgz}
    name: fsevents
    version: 2.3.3
    engines: {node: ^8.16.0 || ^10.6.0 || >=11.0.0}
    os: [darwin]
    requiresBuild: true
    dev: true
    optional: true

  registry.npmmirror.com/function-bind@1.1.1:
    resolution: {integrity: sha512-yIovAzMX49sF8Yl58fSCWJ5svSLuaibPxXQJFLmBObTuCr0Mf1KiPopGM9NiFjiYBCbfaa2Fh6breQ6ANVTI0A==, registry: https://registry.npm.taobao.org/, tarball: https://registry.npmmirror.com/function-bind/-/function-bind-1.1.1.tgz}
    name: function-bind
    version: 1.1.1
    dev: true

  registry.npmmirror.com/has@1.0.3:
    resolution: {integrity: sha512-f2dvO0VU6Oej7RkWJGrehjbzMAjFp5/VKPp5tTpWIV4JHHZK1/BxbFRtf/siA2SWTe09caDmVtYYzWEIbBS4zw==, registry: https://registry.npm.taobao.org/, tarball: https://registry.npmmirror.com/has/-/has-1.0.3.tgz}
    name: has
    version: 1.0.3
    engines: {node: '>= 0.4.0'}
    dependencies:
      function-bind: registry.npmmirror.com/function-bind@1.1.1
    dev: true

  registry.npmmirror.com/highlight.js@11.6.0:
    resolution: {integrity: sha512-ig1eqDzJaB0pqEvlPVIpSSyMaO92bH1N2rJpLMN/nX396wTpDA4Eq0uK+7I/2XG17pFaaKE0kjV/XPeGt7Evjw==, registry: https://registry.npm.taobao.org/, tarball: https://registry.npmmirror.com/highlight.js/-/highlight.js-11.6.0.tgz}
    name: highlight.js
    version: 11.6.0
    engines: {node: '>=12.0.0'}
    dev: false

  registry.npmmirror.com/hogan.js@3.0.2:
    resolution: {integrity: sha512-RqGs4wavGYJWE07t35JQccByczmNUXQT0E12ZYV1VKYu5UiAU9lsos/yBAcf840+zrUQQxgVduCR5/B8nNtibg==, registry: https://registry.npm.taobao.org/, tarball: https://registry.npmmirror.com/hogan.js/-/hogan.js-3.0.2.tgz}
    name: hogan.js
    version: 3.0.2
    hasBin: true
    dependencies:
      mkdirp: registry.npmmirror.com/mkdirp@0.3.0
      nopt: registry.npmmirror.com/nopt@1.0.10
    dev: false

  registry.npmmirror.com/is-core-module@2.13.0:
    resolution: {integrity: sha512-Z7dk6Qo8pOCp3l4tsX2C5ZVas4V+UxwQodwZhLopL91TX8UyyHEXafPcyoeeWuLrwzHcr3igO78wNLwHJHsMCQ==, registry: https://registry.npm.taobao.org/, tarball: https://registry.npmmirror.com/is-core-module/-/is-core-module-2.13.0.tgz}
    name: is-core-module
    version: 2.13.0
    dependencies:
      has: registry.npmmirror.com/has@1.0.3
    dev: true

  registry.npmmirror.com/lru-cache@6.0.0:
    resolution: {integrity: sha512-Jo6dJ04CmSjuznwJSS3pUeWmd/H0ffTlkXXgwZi+eq1UCmqQwCh+eLsYOYCwY991i2Fah4h1BEMCx4qThGbsiA==, registry: https://registry.npm.taobao.org/, tarball: https://registry.npmmirror.com/lru-cache/-/lru-cache-6.0.0.tgz}
    name: lru-cache
    version: 6.0.0
    engines: {node: '>=10'}
    dependencies:
      yallist: registry.npmmirror.com/yallist@4.0.0
    dev: true

  registry.npmmirror.com/magic-string@0.25.9:
    resolution: {integrity: sha512-RmF0AsMzgt25qzqqLc1+MbHmhdx0ojF2Fvs4XnOqz2ZOBXzzkEwc/dJQZCYHAn7v1jbVOjAZfK8msRn4BxO4VQ==, registry: https://registry.npm.taobao.org/, tarball: https://registry.npmmirror.com/magic-string/-/magic-string-0.25.9.tgz}
    name: magic-string
    version: 0.25.9
    dependencies:
      sourcemap-codec: registry.npmmirror.com/sourcemap-codec@1.4.8

  registry.npmmirror.com/magic-string@0.30.3:
    resolution: {integrity: sha512-B7xGbll2fG/VjP+SWg4sX3JynwIU0mjoTc6MPpKNuIvftk6u6vqhDnk1R80b8C2GBR6ywqy+1DcKBrevBg+bmw==, registry: https://registry.npm.taobao.org/, tarball: https://registry.npmmirror.com/magic-string/-/magic-string-0.30.3.tgz}
    name: magic-string
    version: 0.30.3
    engines: {node: '>=12'}
    dependencies:
      '@jridgewell/sourcemap-codec': registry.npmmirror.com/@jridgewell/sourcemap-codec@1.4.15
    dev: true

  registry.npmmirror.com/mkdirp@0.3.0:
    resolution: {integrity: sha512-OHsdUcVAQ6pOtg5JYWpCBo9W/GySVuwvP9hueRMW7UqshC0tbfzLv8wjySTPm3tfUZ/21CE9E1pJagOA91Pxew==, registry: https://registry.npm.taobao.org/, tarball: https://registry.npmmirror.com/mkdirp/-/mkdirp-0.3.0.tgz}
    name: mkdirp
    version: 0.3.0
    deprecated: Legacy versions of mkdirp are no longer supported. Please update to mkdirp 1.x. (Note that the API surface has changed to use Promises in 1.x.)
    dev: false

  registry.npmmirror.com/nanoid@3.3.6:
    resolution: {integrity: sha512-BGcqMMJuToF7i1rt+2PWSNVnWIkGCU78jBG3RxO/bZlnZPK2Cmi2QaffxGO/2RvWi9sL+FAiRiXMgsyxQ1DIDA==, registry: https://registry.npm.taobao.org/, tarball: https://registry.npmmirror.com/nanoid/-/nanoid-3.3.6.tgz}
    name: nanoid
    version: 3.3.6
    engines: {node: ^10 || ^12 || ^13.7 || ^14 || >=15.0.1}
    hasBin: true

  registry.npmmirror.com/nopt@1.0.10:
    resolution: {integrity: sha512-NWmpvLSqUrgrAC9HCuxEvb+PSloHpqVu+FqcO4eeF2h5qYRhA7ev6KvelyQAKtegUbC6RypJnlEOhd8vloNKYg==, registry: https://registry.npm.taobao.org/, tarball: https://registry.npmmirror.com/nopt/-/nopt-1.0.10.tgz}
    name: nopt
    version: 1.0.10
    hasBin: true
    dependencies:
      abbrev: registry.npmmirror.com/abbrev@1.1.1
    dev: false

  registry.npmmirror.com/path-parse@1.0.7:
    resolution: {integrity: sha512-LDJzPVEEEPR+y48z93A0Ed0yXb8pAByGWo/k5YYdYgpY2/2EsOsksJrq7lOHxryrVOn1ejG6oAp8ahvOIQD8sw==, registry: https://registry.npm.taobao.org/, tarball: https://registry.npmmirror.com/path-parse/-/path-parse-1.0.7.tgz}
    name: path-parse
    version: 1.0.7
    dev: true

  registry.npmmirror.com/picocolors@1.0.0:
    resolution: {integrity: sha512-1fygroTLlHu66zi26VoTDv8yRgm0Fccecssto+MhsZ0D/DGW2sm8E8AjW7NU5VVTRt5GxbeZ5qBuJr+HyLYkjQ==, registry: https://registry.npm.taobao.org/, tarball: https://registry.npmmirror.com/picocolors/-/picocolors-1.0.0.tgz}
    name: picocolors
    version: 1.0.0

  registry.npmmirror.com/postcss@8.4.29:
    resolution: {integrity: sha512-cbI+jaqIeu/VGqXEarWkRCCffhjgXc0qjBtXpqJhTBohMUjUQnbBr0xqX3vEKudc4iviTewcJo5ajcec5+wdJw==, registry: https://registry.npm.taobao.org/, tarball: https://registry.npmmirror.com/postcss/-/postcss-8.4.29.tgz}
    name: postcss
    version: 8.4.29
    engines: {node: ^10 || ^12 || >=14}
    dependencies:
      nanoid: registry.npmmirror.com/nanoid@3.3.6
      picocolors: registry.npmmirror.com/picocolors@1.0.0
      source-map-js: registry.npmmirror.com/source-map-js@1.0.2

  registry.npmmirror.com/resolve@1.22.5:
    resolution: {integrity: sha512-qWhv7PF1V95QPvRoUGHxOtnAlEvlXBylMZcjUR9pAumMmveFtcHJRXGIr+TkjfNJVQypqv2qcDiiars2y1PsSg==, registry: https://registry.npm.taobao.org/, tarball: https://registry.npmmirror.com/resolve/-/resolve-1.22.5.tgz}
    name: resolve
    version: 1.22.5
    hasBin: true
    dependencies:
      is-core-module: registry.npmmirror.com/is-core-module@2.13.0
      path-parse: registry.npmmirror.com/path-parse@1.0.7
      supports-preserve-symlinks-flag: registry.npmmirror.com/supports-preserve-symlinks-flag@1.0.0
    dev: true

  registry.npmmirror.com/rollup@2.78.1:
    resolution: {integrity: sha512-VeeCgtGi4P+o9hIg+xz4qQpRl6R401LWEXBmxYKOV4zlF82lyhgh2hTZnheFUbANE8l2A41F458iwj2vEYaXJg==, registry: https://registry.npm.taobao.org/, tarball: https://registry.npmmirror.com/rollup/-/rollup-2.78.1.tgz}
    name: rollup
    version: 2.78.1
    engines: {node: '>=10.0.0'}
    hasBin: true
    optionalDependencies:
      fsevents: registry.npmmirror.com/fsevents@2.3.3
    dev: true

  registry.npmmirror.com/semver@7.5.4:
    resolution: {integrity: sha512-1bCSESV6Pv+i21Hvpxp3Dx+pSD8lIPt8uVjRrxAUt/nbswYc+tK6Y2btiULjd4+fnq15PX+nqQDC7Oft7WkwcA==, registry: https://registry.npm.taobao.org/, tarball: https://registry.npmmirror.com/semver/-/semver-7.5.4.tgz}
    name: semver
    version: 7.5.4
    engines: {node: '>=10'}
    hasBin: true
    dependencies:
      lru-cache: registry.npmmirror.com/lru-cache@6.0.0
    dev: true

  registry.npmmirror.com/source-map-js@1.0.2:
    resolution: {integrity: sha512-R0XvVJ9WusLiqTCEiGCmICCMplcCkIwwR11mOSD9CR5u+IXYdiseeEuXCVAjS54zqwkLcPNnmU4OeJ6tUrWhDw==, registry: https://registry.npm.taobao.org/, tarball: https://registry.npmmirror.com/source-map-js/-/source-map-js-1.0.2.tgz}
    name: source-map-js
    version: 1.0.2
    engines: {node: '>=0.10.0'}

  registry.npmmirror.com/source-map@0.6.1:
    resolution: {integrity: sha512-UjgapumWlbMhkBgzT7Ykc5YXUT46F0iKu8SGXq0bcwP5dz/h0Plj6enJqjz1Zbq2l5WaqYnrVbwWOWMyF3F47g==, registry: https://registry.npm.taobao.org/, tarball: https://registry.npmmirror.com/source-map/-/source-map-0.6.1.tgz}
    name: source-map
    version: 0.6.1
    engines: {node: '>=0.10.0'}

  registry.npmmirror.com/sourcemap-codec@1.4.8:
    resolution: {integrity: sha512-9NykojV5Uih4lgo5So5dtw+f0JgJX30KCNI8gwhz2J9A15wD0Ml6tjHKwf6fTSa6fAdVBdZeNOs9eJ71qCk8vA==, registry: https://registry.npm.taobao.org/, tarball: https://registry.npmmirror.com/sourcemap-codec/-/sourcemap-codec-1.4.8.tgz}
    name: sourcemap-codec
    version: 1.4.8
    deprecated: Please use @jridgewell/sourcemap-codec instead

  registry.npmmirror.com/supports-preserve-symlinks-flag@1.0.0:
    resolution: {integrity: sha512-ot0WnXS9fgdkgIcePe6RHNk1WA8+muPa6cSjeR3V8K27q9BB1rTE3R1p7Hv0z1ZyAc8s6Vvv8DIyWf681MAt0w==, registry: https://registry.npm.taobao.org/, tarball: https://registry.npmmirror.com/supports-preserve-symlinks-flag/-/supports-preserve-symlinks-flag-1.0.0.tgz}
    name: supports-preserve-symlinks-flag
    version: 1.0.0
    engines: {node: '>= 0.4'}
    dev: true

  registry.npmmirror.com/to-fast-properties@2.0.0:
    resolution: {integrity: sha512-/OaKK0xYrs3DmxRYqL/yDc+FxFUVYhDlXMhRmv3z915w2HF1tnN1omB354j8VUGO/hbRzyD6Y3sA7v7GS/ceog==, registry: https://registry.npm.taobao.org/, tarball: https://registry.npmmirror.com/to-fast-properties/-/to-fast-properties-2.0.0.tgz}
    name: to-fast-properties
    version: 2.0.0
    engines: {node: '>=4'}

  registry.npmmirror.com/typescript@4.6.4:
    resolution: {integrity: sha512-9ia/jWHIEbo49HfjrLGfKbZSuWo9iTMwXO+Ca3pRsSpbsMbc7/IU8NKdCZVRRBafVPGnoJeFL76ZOAA84I9fEg==, registry: https://registry.npm.taobao.org/, tarball: https://registry.npmmirror.com/typescript/-/typescript-4.6.4.tgz}
    name: typescript
    version: 4.6.4
    engines: {node: '>=4.2.0'}
    hasBin: true
    dev: true

  registry.npmmirror.com/vite@3.1.0:
    resolution: {integrity: sha512-YBg3dUicDpDWFCGttmvMbVyS9ydjntwEjwXRj2KBFwSB8SxmGcudo1yb8FW5+M/G86aS8x828ujnzUVdsLjs9g==, registry: https://registry.npm.taobao.org/, tarball: https://registry.npmmirror.com/vite/-/vite-3.1.0.tgz}
    name: vite
    version: 3.1.0
    engines: {node: ^14.18.0 || >=16.0.0}
    hasBin: true
    peerDependencies:
      less: '*'
      sass: '*'
      stylus: '*'
      terser: ^5.4.0
    peerDependenciesMeta:
      less:
        optional: true
      sass:
        optional: true
      stylus:
        optional: true
      terser:
        optional: true
    dependencies:
      esbuild: registry.npmmirror.com/esbuild@0.15.18
      postcss: registry.npmmirror.com/postcss@8.4.29
      resolve: registry.npmmirror.com/resolve@1.22.5
      rollup: registry.npmmirror.com/rollup@2.78.1
    optionalDependencies:
      fsevents: registry.npmmirror.com/fsevents@2.3.3
    dev: true

  registry.npmmirror.com/vue-tsc@0.40.4(typescript@4.6.4):
    resolution: {integrity: sha512-UpK0GlGZHlS+G+LKl6+/f+78GY9MA38vHKBLh/6L/Cfa8NQEH4D5H/EpqcSHXZ7wRRFjzp9LWgj5vc5q1iEClA==, registry: https://registry.npm.taobao.org/, tarball: https://registry.npmmirror.com/vue-tsc/-/vue-tsc-0.40.4.tgz}
    id: registry.npmmirror.com/vue-tsc/0.40.4
    name: vue-tsc
    version: 0.40.4
    hasBin: true
    peerDependencies:
      typescript: '*'
    dependencies:
      '@volar/vue-language-core': registry.npmmirror.com/@volar/vue-language-core@0.40.4
      '@volar/vue-typescript': registry.npmmirror.com/@volar/vue-typescript@0.40.4
      typescript: registry.npmmirror.com/typescript@4.6.4
    dev: true

  registry.npmmirror.com/vue@3.2.37:
    resolution: {integrity: sha512-bOKEZxrm8Eh+fveCqS1/NkG/n6aMidsI6hahas7pa0w/l7jkbssJVsRhVDs07IdDq7h9KHswZOgItnwJAgtVtQ==, registry: https://registry.npm.taobao.org/, tarball: https://registry.npmmirror.com/vue/-/vue-3.2.37.tgz}
    name: vue
    version: 3.2.37
    dependencies:
      '@vue/compiler-dom': registry.npmmirror.com/@vue/compiler-dom@3.2.37
      '@vue/compiler-sfc': registry.npmmirror.com/@vue/compiler-sfc@3.2.37
      '@vue/runtime-dom': registry.npmmirror.com/@vue/runtime-dom@3.2.37
      '@vue/server-renderer': registry.npmmirror.com/@vue/server-renderer@3.2.37(vue@3.2.37)
      '@vue/shared': registry.npmmirror.com/@vue/shared@3.2.37

  registry.npmmirror.com/yallist@4.0.0:
    resolution: {integrity: sha512-3wdGidZyq5PB084XLES5TpOSRA3wjXAlIWMhum2kRcv/41Sn2emQ0dycQW4uZXLejwKvg6EsvbdlVL+FYEct7A==, registry: https://registry.npm.taobao.org/, tarball: https://registry.npmmirror.com/yallist/-/yallist-4.0.0.tgz}
    name: yallist
    version: 4.0.0
    dev: true
